Microsoft Visual Studio Solution File, Format Version 12.00
# Visual Studio Version 17
VisualStudioVersion = 17.12.35527.113
MinimumVisualStudioVersion = 10.0.40219.1
Project("{FAE04EC0-301F-11D3-BF4B-00C04F79EFBC}") = "Blazored.Shared", "Blazored.Shared\Blazored.Shared.csproj", "{D671AD50-4FEC-46E7-A333-A3DDD84A0088}"
EndProject
Project("{2150E333-8FDC-42A3-9474-1A3956D46DE8}") = "Files", "Files", "{CC33905E-BA78-4673-B564-E83B090401DA}"
	ProjectSection(SolutionItems) = preProject
		global.json = global.json
		README.md = README.md
	EndProjectSection
EndProject
Project("{FAE04EC0-301F-11D3-BF4B-00C04F79EFBC}") = "Blazored.Client", "Blazored.Client\Blazored.Client.csproj", "{A824B06F-98E9-405D-B40D-5E6D27BD4AAD}"
EndProject
Project("{FAE04EC0-301F-11D3-BF4B-00C04F79EFBC}") = "Blazored.Server", "Blazored.Server\Blazored.Server.csproj", "{CF483E40-34BA-49A4-A067-52DCD1B184CD}"
EndProject
Global
	GlobalSection(SolutionConfigurationPlatforms) = preSolution
		Debug|Any CPU = Debug|Any CPU
		Release|Any CPU = Release|Any CPU
	EndGlobalSection
	GlobalSection(ProjectConfigurationPlatforms) = postSolution
		{D671AD50-4FEC-46E7-A333-A3DDD84A0088}.Debug|Any CPU.ActiveCfg = Debug|Any CPU
		{D671AD50-4FEC-46E7-A333-A3DDD84A0088}.Debug|Any CPU.Build.0 = Debug|Any CPU
		{D671AD50-4FEC-46E7-A333-A3DDD84A0088}.Release|Any CPU.ActiveCfg = Release|Any CPU
		{D671AD50-4FEC-46E7-A333-A3DDD84A0088}.Release|Any CPU.Build.0 = Release|Any CPU
		{A824B06F-98E9-405D-B40D-5E6D27BD4AAD}.Debug|Any CPU.ActiveCfg = Debug|Any CPU
		{A824B06F-98E9-405D-B40D-5E6D27BD4AAD}.Debug|Any CPU.Build.0 = Debug|Any CPU
		{A824B06F-98E9-405D-B40D-5E6D27BD4AAD}.Release|Any CPU.ActiveCfg = Release|Any CPU
		{A824B06F-98E9-405D-B40D-5E6D27BD4AAD}.Release|Any CPU.Build.0 = Release|Any CPU
		{CF483E40-34BA-49A4-A067-52DCD1B184CD}.Debug|Any CPU.ActiveCfg = Debug|Any CPU
		{CF483E40-34BA-49A4-A067-52DCD1B184CD}.Debug|Any CPU.Build.0 = Debug|Any CPU
		{CF483E40-34BA-49A4-A067-52DCD1B184CD}.Release|Any CPU.ActiveCfg = Release|Any CPU
		{CF483E40-34BA-49A4-A067-52DCD1B184CD}.Release|Any CPU.Build.0 = Release|Any CPU
	EndGlobalSection
	GlobalSection(SolutionProperties) = preSolution
		HideSolutionNode = FALSE
	EndGlobalSection
EndGlobal
